{
  "nodes": {
    "nixpkgs": {
      "locked": {
        "lastModified": 1783776592,
        "narHash": "sha256-UgCQzxeWI75XM8G+hPrPh+MKzEPjG3SpAj7dtqSbksA=",
        "owner": "NixOS",
        "repo": "nixpkgs",
        "rev": "e7a3ca8092b61ff85b6a45bf863ea2b2d6a661b3",
        "type": "github"
      },
      "original": {
        "owner": "NixOS",
        "ref": "nixos-unstable",
        "repo": "nixpkgs",
        "type": "github"
      }
    },
    "root": {
      "inputs": {
        "nixpkgs": "nixpkgs",
        "webui": "webui"
      }
    },
    "webui": {
      "flake": false,
      "locked": {
        "lastModified": 1791208127,
        "narHash": "sha256-J0lSLwBaMo0bxgXIq6I34SC0Dqc4ZlP0ZG18bXzeacY=",
        "owner": "webui-dev",
        "repo": "webui",
        "rev": "f1b28eeeecfc2d63bdb4d4857c6f137468c6d6f6",
        "type": "github"
      },
      "original": {
        "owner": "webui-dev",
        "repo": "webui",
        "rev": "f1b28eeeecfc2d63bdb4d4857c6f137468c6d6f6",
        "type": "github"
      }
    }
  },
  "root": "root",
  "version": 7
}
