{
  "nodes": {
    "nixpkgs": {
      "locked": {
        "lastModified": 1783776592,
        "narHash": "sha256-UgCQzxeWI75XM8G+hPrPh+MKzEPjG3SpAj7dtqSbksA=",
        "owner": "NixOS",
        "repo": "nixpkgs",
        "rev": "e7a3ca8092b61ff85b6a45bf863ea2b2d6a661b3",
        "type": "github"
      },
      "original": {
        "owner": "NixOS",
        "ref": "nixos-unstable",
        "repo": "nixpkgs",
        "type": "github"
      }
    },
    "root": {
      "inputs": {
        "nixpkgs": "nixpkgs",
        "webui": "webui"
      }
    },
    "webui": {
      "flake": false,
      "locked": {
        "lastModified": 1786119540,
        "narHash": "sha256-1EiT4M4NF5HPaQi4EILxpOu53tiSmDTuvOzDpkN80ek=",
        "owner": "Runic-Artifex",
        "repo": "webui",
        "rev": "388852cbac3cc25efcc90b0c90c76633f75d3a77",
        "type": "github"
      },
      "original": {
        "owner": "Runic-Artifex",
        "repo": "webui",
        "rev": "388852cbac3cc25efcc90b0c90c76633f75d3a77",
        "type": "github"
      }
    }
  },
  "root": "root",
  "version": 7
}
